
Microsoft Visual Studio Solution File, Format Version 12.00
# Visual Studio Version 17
VisualStudioVersion = 17.3.32901.215
MinimumVisualStudioVersion = 10.0.40219.1
Project("{8BC9CEB8-8B4A-11D0-8D11-00A0C91BC942}") = "mylibcpp", "mylibcpp\mylibcpp.vcxproj", "{993E6B69-F9D5-4EB4-9E99-7303EFBFB1E2}"
EndProject
Project("{8BC9CEB8-8B4A-11D0-8D11-00A0C91BC942}") = "mylibcpp-test", "mylibcpp-test\mylibcpp-test.vcxproj", "{6B2D8701-9EF9-49F8-ADD3-F341C89C2F99}"
EndProject
Project("{FAE04EC0-301F-11D3-BF4B-00C04F79EFBC}") = "mylibcs", "mylibcs\mylibcs.csproj", "{AD6F9766-1845-4555-868D-18FCA004A334}"
EndProject
Project("{FAE04EC0-301F-11D3-BF4B-00C04F79EFBC}") = "mylibcs-test", "mylibcs-test\mylibcs-test.csproj", "{788EF055-B2EC-45F2-AB9F-F5DF69F77AA1}"
EndProject
Global
	GlobalSection(SolutionConfigurationPlatforms) = preSolution
		Debug|Any CPU = Debug|Any CPU
		Debug|x64 = Debug|x64
		Debug|x86 = Debug|x86
		Release|Any CPU = Release|Any CPU
		Release|x64 = Release|x64
		Release|x86 = Release|x86
	EndGlobalSection
	GlobalSection(ProjectConfigurationPlatforms) = postSolution
		{993E6B69-F9D5-4EB4-9E99-7303EFBFB1E2}.Debug|Any CPU.ActiveCfg = Debug|x64
		{993E6B69-F9D5-4EB4-9E99-7303EFBFB1E2}.Debug|Any CPU.Build.0 = Debug|x64
		{993E6B69-F9D5-4EB4-9E99-7303EFBFB1E2}.Debug|x64.ActiveCfg = Debug|x64
		{993E6B69-F9D5-4EB4-9E99-7303EFBFB1E2}.Debug|x64.Build.0 = Debug|x64
		{993E6B69-F9D5-4EB4-9E99-7303EFBFB1E2}.Debug|x86.ActiveCfg = Debug|Win32
		{993E6B69-F9D5-4EB4-9E99-7303EFBFB1E2}.Debug|x86.Build.0 = Debug|Win32
		{993E6B69-F9D5-4EB4-9E99-7303EFBFB1E2}.Release|Any CPU.ActiveCfg = Release|x64
		{993E6B69-F9D5-4EB4-9E99-7303EFBFB1E2}.Release|Any CPU.Build.0 = Release|x64
		{993E6B69-F9D5-4EB4-9E99-7303EFBFB1E2}.Release|x64.ActiveCfg = Release|x64
		{993E6B69-F9D5-4EB4-9E99-7303EFBFB1E2}.Release|x64.Build.0 = Release|x64
		{993E6B69-F9D5-4EB4-9E99-7303EFBFB1E2}.Release|x86.ActiveCfg = Release|Win32
		{993E6B69-F9D5-4EB4-9E99-7303EFBFB1E2}.Release|x86.Build.0 = Release|Win32
		{6B2D8701-9EF9-49F8-ADD3-F341C89C2F99}.Debug|Any CPU.ActiveCfg = Debug|x64
		{6B2D8701-9EF9-49F8-ADD3-F341C89C2F99}.Debug|Any CPU.Build.0 = Debug|x64
		{6B2D8701-9EF9-49F8-ADD3-F341C89C2F99}.Debug|x64.ActiveCfg = Debug|x64
		{6B2D8701-9EF9-49F8-ADD3-F341C89C2F99}.Debug|x64.Build.0 = Debug|x64
		{6B2D8701-9EF9-49F8-ADD3-F341C89C2F99}.Debug|x86.ActiveCfg = Debug|Win32
		{6B2D8701-9EF9-49F8-ADD3-F341C89C2F99}.Debug|x86.Build.0 = Debug|Win32
		{6B2D8701-9EF9-49F8-ADD3-F341C89C2F99}.Release|Any CPU.ActiveCfg = Release|x64
		{6B2D8701-9EF9-49F8-ADD3-F341C89C2F99}.Release|Any CPU.Build.0 = Release|x64
		{6B2D8701-9EF9-49F8-ADD3-F341C89C2F99}.Release|x64.ActiveCfg = Release|x64
		{6B2D8701-9EF9-49F8-ADD3-F341C89C2F99}.Release|x64.Build.0 = Release|x64
		{6B2D8701-9EF9-49F8-ADD3-F341C89C2F99}.Release|x86.ActiveCfg = Release|Win32
		{6B2D8701-9EF9-49F8-ADD3-F341C89C2F99}.Release|x86.Build.0 = Release|Win32
		{AD6F9766-1845-4555-868D-18FCA004A334}.Debug|Any CPU.ActiveCfg = Debug|Any CPU
		{AD6F9766-1845-4555-868D-18FCA004A334}.Debug|Any CPU.Build.0 = Debug|Any CPU
		{AD6F9766-1845-4555-868D-18FCA004A334}.Debug|x64.ActiveCfg = Debug|Any CPU
		{AD6F9766-1845-4555-868D-18FCA004A334}.Debug|x64.Build.0 = Debug|Any CPU
		{AD6F9766-1845-4555-868D-18FCA004A334}.Debug|x86.ActiveCfg = Debug|Any CPU
		{AD6F9766-1845-4555-868D-18FCA004A334}.Debug|x86.Build.0 = Debug|Any CPU
		{AD6F9766-1845-4555-868D-18FCA004A334}.Release|Any CPU.ActiveCfg = Release|Any CPU
		{AD6F9766-1845-4555-868D-18FCA004A334}.Release|Any CPU.Build.0 = Release|Any CPU
		{AD6F9766-1845-4555-868D-18FCA004A334}.Release|x64.ActiveCfg = Release|Any CPU
		{AD6F9766-1845-4555-868D-18FCA004A334}.Release|x64.Build.0 = Release|Any CPU
		{AD6F9766-1845-4555-868D-18FCA004A334}.Release|x86.ActiveCfg = Release|Any CPU
		{AD6F9766-1845-4555-868D-18FCA004A334}.Release|x86.Build.0 = Release|Any CPU
		{788EF055-B2EC-45F2-AB9F-F5DF69F77AA1}.Debug|Any CPU.ActiveCfg = Debug|Any CPU
		{788EF055-B2EC-45F2-AB9F-F5DF69F77AA1}.Debug|Any CPU.Build.0 = Debug|Any CPU
		{788EF055-B2EC-45F2-AB9F-F5DF69F77AA1}.Debug|x64.ActiveCfg = Debug|Any CPU
		{788EF055-B2EC-45F2-AB9F-F5DF69F77AA1}.Debug|x64.Build.0 = Debug|Any CPU
		{788EF055-B2EC-45F2-AB9F-F5DF69F77AA1}.Debug|x86.ActiveCfg = Debug|Any CPU
		{788EF055-B2EC-45F2-AB9F-F5DF69F77AA1}.Debug|x86.Build.0 = Debug|Any CPU
		{788EF055-B2EC-45F2-AB9F-F5DF69F77AA1}.Release|Any CPU.ActiveCfg = Release|Any CPU
		{788EF055-B2EC-45F2-AB9F-F5DF69F77AA1}.Release|Any CPU.Build.0 = Release|Any CPU
		{788EF055-B2EC-45F2-AB9F-F5DF69F77AA1}.Release|x64.ActiveCfg = Release|Any CPU
		{788EF055-B2EC-45F2-AB9F-F5DF69F77AA1}.Release|x64.Build.0 = Release|Any CPU
		{788EF055-B2EC-45F2-AB9F-F5DF69F77AA1}.Release|x86.ActiveCfg = Release|Any CPU
		{788EF055-B2EC-45F2-AB9F-F5DF69F77AA1}.Release|x86.Build.0 = Release|Any CPU
	EndGlobalSection
	GlobalSection(SolutionProperties) = preSolution
		HideSolutionNode = FALSE
	EndGlobalSection
	GlobalSection(ExtensibilityGlobals) = postSolution
		SolutionGuid = {3F2947F1-ECBA-4B8D-8B6B-2F6785204043}
	EndGlobalSection
EndGlobal
